
Microsoft Visual Studio Solution File, Format Version 12.00
# Visual Studio Version 16
VisualStudioVersion = 16.0.34031.81
MinimumVisualStudioVersion = 10.0.40219.1
Project("{2150E333-8FDC-42A3-9474-1A3956D46DE8}") = "Task0", "Task0", "{453E12B2-6FF4-4768-B4ED-832F2ACE8400}"
EndProject
Project("{FAE04EC0-301F-11D3-BF4B-00C04F79EFBC}") = "Tyuiu.ShabanovMS.Sprint2.Task0.V12", "Tyuiu.ShabanovMS.Sprint2.Task0.V12\Tyuiu.ShabanovMS.Sprint2.Task0.V12.csproj", "{DB5B8A85-D57A-4052-B44A-8F529172BA38}"
EndProject
Project("{FAE04EC0-301F-11D3-BF4B-00C04F79EFBC}") = "Tyuiu.ShabanovMS.Sprint2.Task0.V12.Lib", "Tyuiu.ShabanovMS.Sprint2.Task0.V12.Lib\Tyuiu.ShabanovMS.Sprint2.Task0.V12.Lib.csproj", "{FD1F2681-DE62-4198-A0AF-B153C6023A1B}"
EndProject
Project("{FAE04EC0-301F-11D3-BF4B-00C04F79EFBC}") = "Tyuiu.ShabanovMS.Sprint2.Task0.V12.Test", "Tyuiu.ShabanovMS.Sprint2.Task0.V12.Test\Tyuiu.ShabanovMS.Sprint2.Task0.V12.Test.csproj", "{E8D78FFB-7C7D-4381-87BD-749998C0CD5D}"
EndProject
Project("{2150E333-8FDC-42A3-9474-1A3956D46DE8}") = "Task1", "Task1", "{40B93C5A-3CB0-4767-A724-D56BD1FA2E1B}"
EndProject
Project("{FAE04EC0-301F-11D3-BF4B-00C04F79EFBC}") = "Tyuiu.ShabanovMS.Sprint2.Task1.V11", "Tyuiu.ShabanovMS.Sprint2.Task1.V11\Tyuiu.ShabanovMS.Sprint2.Task1.V11.csproj", "{A527DA0E-DFE2-4AF6-891D-D5E850D87E62}"
EndProject
Project("{FAE04EC0-301F-11D3-BF4B-00C04F79EFBC}") = "Tyuiu.ShabanovMS.Sprint2.Task1.V11.Lib", "Tyuiu.ShabanovMS.Sprint2.Task1.V11.Lib\Tyuiu.ShabanovMS.Sprint2.Task1.V11.Lib.csproj", "{7934484C-E6D3-4AAD-8998-21B64D696355}"
EndProject
Project("{FAE04EC0-301F-11D3-BF4B-00C04F79EFBC}") = "Tyuiu.ShabanovMS.Sprint2.Task1.V11.Test", "Tyuiu.ShabanovMS.Sprint2.Task1.V11.Test\Tyuiu.ShabanovMS.Sprint2.Task1.V11.Test.csproj", "{DE62F4E6-2AAF-4DD4-8056-DC767C961EAB}"
EndProject
Project("{2150E333-8FDC-42A3-9474-1A3956D46DE8}") = "Task2", "Task2", "{5A220FA6-0BD8-4CBB-8082-A236A3BCBD8D}"
EndProject
Project("{FAE04EC0-301F-11D3-BF4B-00C04F79EFBC}") = "Tyuiu.ShabanovMS.Sprint2.Task2.V19", "Tyuiu.ShabanovMS.Sprint2.Task2.V19\Tyuiu.ShabanovMS.Sprint2.Task2.V19.csproj", "{9EF8CA11-7C7A-47BB-92EA-01FF14DCEA36}"
EndProject
Project("{FAE04EC0-301F-11D3-BF4B-00C04F79EFBC}") = "Tyuiu.ShabanovMS.Sprint2.Task2.V19.Lib", "Tyuiu.ShabanovMS.Sprint2.Task2.V19.Lib\Tyuiu.ShabanovMS.Sprint2.Task2.V19.Lib.csproj", "{24EFEC7C-D8E8-4E3D-A30D-35C3022A6704}"
EndProject
Project("{FAE04EC0-301F-11D3-BF4B-00C04F79EFBC}") = "Tyuiu.ShabanovMS.Sprint2.Task2.V19.Test", "Tyuiu.ShabanovMS.Sprint2.Task2.V19.Test\Tyuiu.ShabanovMS.Sprint2.Task2.V19.Test.csproj", "{FBD02B75-9F6A-43B5-A1D4-30020EAC7F60}"
EndProject
Project("{2150E333-8FDC-42A3-9474-1A3956D46DE8}") = "Task3", "Task3", "{8DF4F7E0-B982-4B38-894C-15488A5DCE58}"
EndProject
Project("{FAE04EC0-301F-11D3-BF4B-00C04F79EFBC}") = "Tyuiu.ShabanovMS.Sprint2.Task3.V2", "Tyuiu.ShabanovMS.Sprint2.Task3.V2\Tyuiu.ShabanovMS.Sprint2.Task3.V2.csproj", "{373C2F29-AA84-44F7-A466-B938699DBB2C}"
EndProject
Project("{FAE04EC0-301F-11D3-BF4B-00C04F79EFBC}") = "Tyuiu.ShabanovMS.Sprint2.Task3.V2.Lib", "Tyuiu.ShabanovMS.Sprint2.Task3.V2.Lib\Tyuiu.ShabanovMS.Sprint2.Task3.V2.Lib.csproj", "{EE0708C0-9C04-4398-AF31-FDECD2F15A5F}"
EndProject
Project("{FAE04EC0-301F-11D3-BF4B-00C04F79EFBC}") = "Tyuiu.ShabanovMS.Sprint2.Task3.V2.Test", "Tyuiu.ShabanovMS.Sprint2.Task3.V2.Test\Tyuiu.ShabanovMS.Sprint2.Task3.V2.Test.csproj", "{68397A15-12C8-46E1-9EE0-6E50483393BD}"
EndProject
Project("{2150E333-8FDC-42A3-9474-1A3956D46DE8}") = "Task4", "Task4", "{6E41BD8D-3991-42F7-AF44-2B74F5973850}"
EndProject
Project("{FAE04EC0-301F-11D3-BF4B-00C04F79EFBC}") = "Tyuiu.ShabanovMS.Sprint2.Task4.V2", "Tyuiu.ShabanovMS.Sprint2.Task4.V2\Tyuiu.ShabanovMS.Sprint2.Task4.V2.csproj", "{4D0946D2-F0F2-4B71-9047-68009021C3A0}"
EndProject
Project("{FAE04EC0-301F-11D3-BF4B-00C04F79EFBC}") = "Tyuiu.ShabanovMS.Sprint2.Task4.V2.Lib", "Tyuiu.ShabanovMS.Sprint2.Task4.V2.Lib\Tyuiu.ShabanovMS.Sprint2.Task4.V2.Lib.csproj", "{3FD687FB-2F4D-42A0-8072-881DE26893E6}"
EndProject
Project("{FAE04EC0-301F-11D3-BF4B-00C04F79EFBC}") = "Tyuiu.ShabanovMS.Sprint2.Task4.V2.Test", "Tyuiu.ShabanovMS.Sprint2.Task4.V2.Test\Tyuiu.ShabanovMS.Sprint2.Task4.V2.Test.csproj", "{983125FE-3897-4CB5-B76F-BF0C55D2B17C}"
EndProject
Project("{2150E333-8FDC-42A3-9474-1A3956D46DE8}") = "Task5", "Task5", "{F46BA684-9136-43E3-BE18-C48032B57072}"
EndProject
Project("{FAE04EC0-301F-11D3-BF4B-00C04F79EFBC}") = "Tyuiu.ShabanovMS.Sprint2.Task5.V10", "Tyuiu.ShabanovMS.Sprint2.Task5.V10\Tyuiu.ShabanovMS.Sprint2.Task5.V10.csproj", "{65E6A5DE-D5DA-48AB-B777-8DDA32BF0B30}"
EndProject
Project("{FAE04EC0-301F-11D3-BF4B-00C04F79EFBC}") = "Tyuiu.ShabanovMS.Sprint2.Task5.V10.Lib", "Tyuiu.ShabanovMS.Sprint2.Task5.V10.Lib\Tyuiu.ShabanovMS.Sprint2.Task5.V10.Lib.csproj", "{FC1F091F-FFFC-489D-97A2-ABC77389E15D}"
EndProject
Project("{FAE04EC0-301F-11D3-BF4B-00C04F79EFBC}") = "Tyuiu.ShabanovMS.Sprint2.Task5.V10.Test", "Tyuiu.ShabanovMS.Sprint2.Task5.V10.Test\Tyuiu.ShabanovMS.Sprint2.Task5.V10.Test.csproj", "{D2160815-18DC-4496-B357-E48417E1B974}"
EndProject
Global
	GlobalSection(SolutionConfigurationPlatforms) = preSolution
		Debug|Any CPU = Debug|Any CPU
		Release|Any CPU = Release|Any CPU
	EndGlobalSection
	GlobalSection(ProjectConfigurationPlatforms) = postSolution
		{DB5B8A85-D57A-4052-B44A-8F529172BA38}.Debug|Any CPU.ActiveCfg = Debug|Any CPU
		{DB5B8A85-D57A-4052-B44A-8F529172BA38}.Debug|Any CPU.Build.0 = Debug|Any CPU
		{DB5B8A85-D57A-4052-B44A-8F529172BA38}.Release|Any CPU.ActiveCfg = Release|Any CPU
		{DB5B8A85-D57A-4052-B44A-8F529172BA38}.Release|Any CPU.Build.0 = Release|Any CPU
		{FD1F2681-DE62-4198-A0AF-B153C6023A1B}.Debug|Any CPU.ActiveCfg = Debug|Any CPU
		{FD1F2681-DE62-4198-A0AF-B153C6023A1B}.Debug|Any CPU.Build.0 = Debug|Any CPU
		{FD1F2681-DE62-4198-A0AF-B153C6023A1B}.Release|Any CPU.ActiveCfg = Release|Any CPU
		{FD1F2681-DE62-4198-A0AF-B153C6023A1B}.Release|Any CPU.Build.0 = Release|Any CPU
		{E8D78FFB-7C7D-4381-87BD-749998C0CD5D}.Debug|Any CPU.ActiveCfg = Debug|Any CPU
		{E8D78FFB-7C7D-4381-87BD-749998C0CD5D}.Debug|Any CPU.Build.0 = Debug|Any CPU
		{E8D78FFB-7C7D-4381-87BD-749998C0CD5D}.Release|Any CPU.ActiveCfg = Release|Any CPU
		{E8D78FFB-7C7D-4381-87BD-749998C0CD5D}.Release|Any CPU.Build.0 = Release|Any CPU
		{A527DA0E-DFE2-4AF6-891D-D5E850D87E62}.Debug|Any CPU.ActiveCfg = Debug|Any CPU
		{A527DA0E-DFE2-4AF6-891D-D5E850D87E62}.Debug|Any CPU.Build.0 = Debug|Any CPU
		{A527DA0E-DFE2-4AF6-891D-D5E850D87E62}.Release|Any CPU.ActiveCfg = Release|Any CPU
		{A527DA0E-DFE2-4AF6-891D-D5E850D87E62}.Release|Any CPU.Build.0 = Release|Any CPU
		{7934484C-E6D3-4AAD-8998-21B64D696355}.Debug|Any CPU.ActiveCfg = Debug|Any CPU
		{7934484C-E6D3-4AAD-8998-21B64D696355}.Debug|Any CPU.Build.0 = Debug|Any CPU
		{7934484C-E6D3-4AAD-8998-21B64D696355}.Release|Any CPU.ActiveCfg = Release|Any CPU
		{7934484C-E6D3-4AAD-8998-21B64D696355}.Release|Any CPU.Build.0 = Release|Any CPU
		{DE62F4E6-2AAF-4DD4-8056-DC767C961EAB}.Debug|Any CPU.ActiveCfg = Debug|Any CPU
		{DE62F4E6-2AAF-4DD4-8056-DC767C961EAB}.Debug|Any CPU.Build.0 = Debug|Any CPU
		{DE62F4E6-2AAF-4DD4-8056-DC767C961EAB}.Release|Any CPU.ActiveCfg = Release|Any CPU
		{DE62F4E6-2AAF-4DD4-8056-DC767C961EAB}.Release|Any CPU.Build.0 = Release|Any CPU
		{9EF8CA11-7C7A-47BB-92EA-01FF14DCEA36}.Debug|Any CPU.ActiveCfg = Debug|Any CPU
		{9EF8CA11-7C7A-47BB-92EA-01FF14DCEA36}.Debug|Any CPU.Build.0 = Debug|Any CPU
		{9EF8CA11-7C7A-47BB-92EA-01FF14DCEA36}.Release|Any CPU.ActiveCfg = Release|Any CPU
		{9EF8CA11-7C7A-47BB-92EA-01FF14DCEA36}.Release|Any CPU.Build.0 = Release|Any CPU
		{24EFEC7C-D8E8-4E3D-A30D-35C3022A6704}.Debug|Any CPU.ActiveCfg = Debug|Any CPU
		{24EFEC7C-D8E8-4E3D-A30D-35C3022A6704}.Debug|Any CPU.Build.0 = Debug|Any CPU
		{24EFEC7C-D8E8-4E3D-A30D-35C3022A6704}.Release|Any CPU.ActiveCfg = Release|Any CPU
		{24EFEC7C-D8E8-4E3D-A30D-35C3022A6704}.Release|Any CPU.Build.0 = Release|Any CPU
		{FBD02B75-9F6A-43B5-A1D4-30020EAC7F60}.Debug|Any CPU.ActiveCfg = Debug|Any CPU
		{FBD02B75-9F6A-43B5-A1D4-30020EAC7F60}.Debug|Any CPU.Build.0 = Debug|Any CPU
		{FBD02B75-9F6A-43B5-A1D4-30020EAC7F60}.Release|Any CPU.ActiveCfg = Release|Any CPU
		{FBD02B75-9F6A-43B5-A1D4-30020EAC7F60}.Release|Any CPU.Build.0 = Release|Any CPU
		{373C2F29-AA84-44F7-A466-B938699DBB2C}.Debug|Any CPU.ActiveCfg = Debug|Any CPU
		{373C2F29-AA84-44F7-A466-B938699DBB2C}.Debug|Any CPU.Build.0 = Debug|Any CPU
		{373C2F29-AA84-44F7-A466-B938699DBB2C}.Release|Any CPU.ActiveCfg = Release|Any CPU
		{373C2F29-AA84-44F7-A466-B938699DBB2C}.Release|Any CPU.Build.0 = Release|Any CPU
		{EE0708C0-9C04-4398-AF31-FDECD2F15A5F}.Debug|Any CPU.ActiveCfg = Debug|Any CPU
		{EE0708C0-9C04-4398-AF31-FDECD2F15A5F}.Debug|Any CPU.Build.0 = Debug|Any CPU
		{EE0708C0-9C04-4398-AF31-FDECD2F15A5F}.Release|Any CPU.ActiveCfg = Release|Any CPU
		{EE0708C0-9C04-4398-AF31-FDECD2F15A5F}.Release|Any CPU.Build.0 = Release|Any CPU
		{68397A15-12C8-46E1-9EE0-6E50483393BD}.Debug|Any CPU.ActiveCfg = Debug|Any CPU
		{68397A15-12C8-46E1-9EE0-6E50483393BD}.Debug|Any CPU.Build.0 = Debug|Any CPU
		{68397A15-12C8-46E1-9EE0-6E50483393BD}.Release|Any CPU.ActiveCfg = Release|Any CPU
		{68397A15-12C8-46E1-9EE0-6E50483393BD}.Release|Any CPU.Build.0 = Release|Any CPU
		{4D0946D2-F0F2-4B71-9047-68009021C3A0}.Debug|Any CPU.ActiveCfg = Debug|Any CPU
		{4D0946D2-F0F2-4B71-9047-68009021C3A0}.Debug|Any CPU.Build.0 = Debug|Any CPU
		{4D0946D2-F0F2-4B71-9047-68009021C3A0}.Release|Any CPU.ActiveCfg = Release|Any CPU
		{4D0946D2-F0F2-4B71-9047-68009021C3A0}.Release|Any CPU.Build.0 = Release|Any CPU
		{3FD687FB-2F4D-42A0-8072-881DE26893E6}.Debug|Any CPU.ActiveCfg = Debug|Any CPU
		{3FD687FB-2F4D-42A0-8072-881DE26893E6}.Debug|Any CPU.Build.0 = Debug|Any CPU
		{3FD687FB-2F4D-42A0-8072-881DE26893E6}.Release|Any CPU.ActiveCfg = Release|Any CPU
		{3FD687FB-2F4D-42A0-8072-881DE26893E6}.Release|Any CPU.Build.0 = Release|Any CPU
		{983125FE-3897-4CB5-B76F-BF0C55D2B17C}.Debug|Any CPU.ActiveCfg = Debug|Any CPU
		{983125FE-3897-4CB5-B76F-BF0C55D2B17C}.Debug|Any CPU.Build.0 = Debug|Any CPU
		{983125FE-3897-4CB5-B76F-BF0C55D2B17C}.Release|Any CPU.ActiveCfg = Release|Any CPU
		{983125FE-3897-4CB5-B76F-BF0C55D2B17C}.Release|Any CPU.Build.0 = Release|Any CPU
		{65E6A5DE-D5DA-48AB-B777-8DDA32BF0B30}.Debug|Any CPU.ActiveCfg = Debug|Any CPU
		{65E6A5DE-D5DA-48AB-B777-8DDA32BF0B30}.Debug|Any CPU.Build.0 = Debug|Any CPU
		{65E6A5DE-D5DA-48AB-B777-8DDA32BF0B30}.Release|Any CPU.ActiveCfg = Release|Any CPU
		{65E6A5DE-D5DA-48AB-B777-8DDA32BF0B30}.Release|Any CPU.Build.0 = Release|Any CPU
		{FC1F091F-FFFC-489D-97A2-ABC77389E15D}.Debug|Any CPU.ActiveCfg = Debug|Any CPU
		{FC1F091F-FFFC-489D-97A2-ABC77389E15D}.Debug|Any CPU.Build.0 = Debug|Any CPU
		{FC1F091F-FFFC-489D-97A2-ABC77389E15D}.Release|Any CPU.ActiveCfg = Release|Any CPU
		{FC1F091F-FFFC-489D-97A2-ABC77389E15D}.Release|Any CPU.Build.0 = Release|Any CPU
		{D2160815-18DC-4496-B357-E48417E1B974}.Debug|Any CPU.ActiveCfg = Debug|Any CPU
		{D2160815-18DC-4496-B357-E48417E1B974}.Debug|Any CPU.Build.0 = Debug|Any CPU
		{D2160815-18DC-4496-B357-E48417E1B974}.Release|Any CPU.ActiveCfg = Release|Any CPU
		{D2160815-18DC-4496-B357-E48417E1B974}.Release|Any CPU.Build.0 = Release|Any CPU
	EndGlobalSection
	GlobalSection(SolutionProperties) = preSolution
		HideSolutionNode = FALSE
	EndGlobalSection
	GlobalSection(NestedProjects) = preSolution
		{DB5B8A85-D57A-4052-B44A-8F529172BA38} = {453E12B2-6FF4-4768-B4ED-832F2ACE8400}
		{FD1F2681-DE62-4198-A0AF-B153C6023A1B} = {453E12B2-6FF4-4768-B4ED-832F2ACE8400}
		{E8D78FFB-7C7D-4381-87BD-749998C0CD5D} = {453E12B2-6FF4-4768-B4ED-832F2ACE8400}
		{A527DA0E-DFE2-4AF6-891D-D5E850D87E62} = {40B93C5A-3CB0-4767-A724-D56BD1FA2E1B}
		{7934484C-E6D3-4AAD-8998-21B64D696355} = {40B93C5A-3CB0-4767-A724-D56BD1FA2E1B}
		{DE62F4E6-2AAF-4DD4-8056-DC767C961EAB} = {40B93C5A-3CB0-4767-A724-D56BD1FA2E1B}
		{9EF8CA11-7C7A-47BB-92EA-01FF14DCEA36} = {5A220FA6-0BD8-4CBB-8082-A236A3BCBD8D}
		{24EFEC7C-D8E8-4E3D-A30D-35C3022A6704} = {5A220FA6-0BD8-4CBB-8082-A236A3BCBD8D}
		{FBD02B75-9F6A-43B5-A1D4-30020EAC7F60} = {5A220FA6-0BD8-4CBB-8082-A236A3BCBD8D}
		{373C2F29-AA84-44F7-A466-B938699DBB2C} = {8DF4F7E0-B982-4B38-894C-15488A5DCE58}
		{EE0708C0-9C04-4398-AF31-FDECD2F15A5F} = {8DF4F7E0-B982-4B38-894C-15488A5DCE58}
		{68397A15-12C8-46E1-9EE0-6E50483393BD} = {8DF4F7E0-B982-4B38-894C-15488A5DCE58}
		{4D0946D2-F0F2-4B71-9047-68009021C3A0} = {6E41BD8D-3991-42F7-AF44-2B74F5973850}
		{3FD687FB-2F4D-42A0-8072-881DE26893E6} = {6E41BD8D-3991-42F7-AF44-2B74F5973850}
		{983125FE-3897-4CB5-B76F-BF0C55D2B17C} = {6E41BD8D-3991-42F7-AF44-2B74F5973850}
		{65E6A5DE-D5DA-48AB-B777-8DDA32BF0B30} = {F46BA684-9136-43E3-BE18-C48032B57072}
		{FC1F091F-FFFC-489D-97A2-ABC77389E15D} = {F46BA684-9136-43E3-BE18-C48032B57072}
		{D2160815-18DC-4496-B357-E48417E1B974} = {F46BA684-9136-43E3-BE18-C48032B57072}
	EndGlobalSection
	GlobalSection(ExtensibilityGlobals) = postSolution
		SolutionGuid = {3284B63B-D3A5-407A-9413-5755E7E937E4}
	EndGlobalSection
EndGlobal
